
Microsoft Visual Studio Solution File, Format Version 12.00
# Visual Studio Version 16
VisualStudioVersion = 16.0.29519.87
MinimumVisualStudioVersion = 10.0.40219.1
Project("{FAE04EC0-301F-11D3-BF4B-00C04F79EFBC}") = "bobedabo", "bobedabo\bobedabo.csproj", "{4D159762-A254-4938-BABE-FA1A762D42E7}"
EndProject
Global
	GlobalSection(SolutionConfigurationPlatforms) = preSolution
		Debug|Any CPU = Debug|Any CPU
		Release|Any CPU = Release|Any CPU
	EndGlobalSection
	GlobalSection(ProjectConfigurationPlatforms) = postSolution
		{4D159762-A254-4938-BABE-FA1A762D42E7}.Debug|Any CPU.ActiveCfg = Debug|Any CPU
		{4D159762-A254-4938-BABE-FA1A762D42E7}.Debug|Any CPU.Build.0 = Debug|Any CPU
		{4D159762-A254-4938-BABE-FA1A762D42E7}.Release|Any CPU.ActiveCfg = Release|Any CPU
		{4D159762-A254-4938-BABE-FA1A762D42E7}.Release|Any CPU.Build.0 = Release|Any CPU
	EndGlobalSection
	GlobalSection(SolutionProperties) = preSolution
		HideSolutionNode = FALSE
	EndGlobalSection
	GlobalSection(ExtensibilityGlobals) = postSolution
		SolutionGuid = {B17748CB-C52E-449E-B1E9-F991B9CD27B2}
	EndGlobalSection
EndGlobal
